
Microsoft Visual Studio Solution File, Format Version 12.00
# Visual Studio Version 17
VisualStudioVersion = 17.7.34221.43
MinimumVisualStudioVersion = 10.0.40219.1
Project("{FAE04EC0-301F-11D3-BF4B-00C04F79EFBC}") = "MAIN_ZALUPA", "MAIN_ZALUPA\MAIN_ZALUPA.csproj", "{F9ACB997-C072-4B63-96ED-E2A9E6DC8142}"
EndProject
Global
	GlobalSection(SolutionConfigurationPlatforms) = preSolution
		Debug|Any CPU = Debug|Any CPU
		Release|Any CPU = Release|Any CPU
	EndGlobalSection
	GlobalSection(ProjectConfigurationPlatforms) = postSolution
		{F9ACB997-C072-4B63-96ED-E2A9E6DC8142}.Debug|Any CPU.ActiveCfg = Debug|Any CPU
		{F9ACB997-C072-4B63-96ED-E2A9E6DC8142}.Debug|Any CPU.Build.0 = Debug|Any CPU
		{F9ACB997-C072-4B63-96ED-E2A9E6DC8142}.Release|Any CPU.ActiveCfg = Release|Any CPU
		{F9ACB997-C072-4B63-96ED-E2A9E6DC8142}.Release|Any CPU.Build.0 = Release|Any CPU
	EndGlobalSection
	GlobalSection(SolutionProperties) = preSolution
		HideSolutionNode = FALSE
	EndGlobalSection
	GlobalSection(ExtensibilityGlobals) = postSolution
		SolutionGuid = {D09FB406-E679-4E20-A796-8596CF4C7CC7}
	EndGlobalSection
EndGlobal
